
Microsoft Visual Studio Solution File, Format Version 12.00
# Visual Studio Express 2012 for Web
Project("{FAE04EC0-301F-11D3-BF4B-00C04F79EFBC}") = "India-Elections", "India-Elections\India-Elections.csproj", "{C8CC6612-8827-449B-90B6-BEAF45DF0F60}"
EndProject
Global
	GlobalSection(SolutionConfigurationPlatforms) = preSolution
		Debug|Any CPU = Debug|Any CPU
		Release|Any CPU = Release|Any CPU
	EndGlobalSection
	GlobalSection(ProjectConfigurationPlatforms) = postSolution
		{C8CC6612-8827-449B-90B6-BEAF45DF0F60}.Debug|Any CPU.ActiveCfg = Debug|Any CPU
		{C8CC6612-8827-449B-90B6-BEAF45DF0F60}.Debug|Any CPU.Build.0 = Debug|Any CPU
		{C8CC6612-8827-449B-90B6-BEAF45DF0F60}.Release|Any CPU.ActiveCfg = Release|Any CPU
		{C8CC6612-8827-449B-90B6-BEAF45DF0F60}.Release|Any CPU.Build.0 = Release|Any CPU
	EndGlobalSection
	GlobalSection(SolutionProperties) = preSolution
		HideSolutionNode = FALSE
	EndGlobalSection
EndGlobal
